
Microsoft Visual Studio Solution File, Format Version 12.00
# Visual Studio Version 17
VisualStudioVersion = 17.6.33723.286
MinimumVisualStudioVersion = 10.0.40219.1
Project("{FAE04EC0-301F-11D3-BF4B-00C04F79EFBC}") = "eView", "eView\eView.csproj", "{E1E34CAC-682D-4093-AF5F-45A751487E79}"
EndProject
Global
	GlobalSection(SolutionConfigurationPlatforms) = preSolution
		Debug|Any CPU = Debug|Any CPU
		Release|Any CPU = Release|Any CPU
	EndGlobalSection
	GlobalSection(ProjectConfigurationPlatforms) = postSolution
		{E1E34CAC-682D-4093-AF5F-45A751487E79}.Debug|Any CPU.ActiveCfg = Debug|Any CPU
		{E1E34CAC-682D-4093-AF5F-45A751487E79}.Debug|Any CPU.Build.0 = Debug|Any CPU
		{E1E34CAC-682D-4093-AF5F-45A751487E79}.Release|Any CPU.ActiveCfg = Release|Any CPU
		{E1E34CAC-682D-4093-AF5F-45A751487E79}.Release|Any CPU.Build.0 = Release|Any CPU
	EndGlobalSection
	GlobalSection(SolutionProperties) = preSolution
		HideSolutionNode = FALSE
	EndGlobalSection
	GlobalSection(ExtensibilityGlobals) = postSolution
		SolutionGuid = {FBA665B7-48B8-430A-8E7A-A924445F6728}
	EndGlobalSection
EndGlobal
